
Microsoft Visual Studio Solution File, Format Version 12.00
# Visual Studio Version 17
VisualStudioVersion = 17.5.002.0
MinimumVisualStudioVersion = 10.0.40219.1
Project("{9A19103F-16F7-4668-BE54-9A1E7A4F7556}") = "Mini_Project", "Mini_Project.csproj", "{704004ED-1952-4DA3-814C-AB87D55A0EAB}"
EndProject
Global
	GlobalSection(SolutionConfigurationPlatforms) = preSolution
		Debug|Any CPU = Debug|Any CPU
		Release|Any CPU = Release|Any CPU
	EndGlobalSection
	GlobalSection(ProjectConfigurationPlatforms) = postSolution
		{704004ED-1952-4DA3-814C-AB87D55A0EAB}.Debug|Any CPU.ActiveCfg = Debug|Any CPU
		{704004ED-1952-4DA3-814C-AB87D55A0EAB}.Debug|Any CPU.Build.0 = Debug|Any CPU
		{704004ED-1952-4DA3-814C-AB87D55A0EAB}.Release|Any CPU.ActiveCfg = Release|Any CPU
		{704004ED-1952-4DA3-814C-AB87D55A0EAB}.Release|Any CPU.Build.0 = Release|Any CPU
	EndGlobalSection
	GlobalSection(SolutionProperties) = preSolution
		HideSolutionNode = FALSE
	EndGlobalSection
	GlobalSection(ExtensibilityGlobals) = postSolution
		SolutionGuid = {F1F806AC-156B-46A3-9142-C3C508C1E198}
	EndGlobalSection
EndGlobal
